// !$*UTF8*$!
{
	archiveVersion = 1;
	classes = {
	};
	objectVersion = 46;
	objects = {

/* Begin PBXBuildFile section */
		92347C1F1D82A0DA0053CB39 /* AppDelegate.swift in Sources */ = {isa = PBXBuildFile; fileRef = 92347C1E1D82A0DA0053CB39 /* AppDelegate.swift */; };
		92347C241D82A0DA0053CB39 /* Main.storyboard in Resources */ = {isa = PBXBuildFile; fileRef = 92347C221D82A0DA0053CB39 /* Main.storyboard */; };
		92347C261D82A0DB0053CB39 /* Assets.xcassets in Resources */ = {isa = PBXBuildFile; fileRef = 92347C251D82A0DB0053CB39 /* Assets.xcassets */; };
		92347C291D82A0DB0053CB39 /* LaunchScreen.storyboard in Resources */ = {isa = PBXBuildFile; fileRef = 92347C271D82A0DB0053CB39 /* LaunchScreen.storyboard */; };
		92347C461D82A1920053CB39 /* BeginFuelingViewController.swift in Sources */ = {isa = PBXBuildFile; fileRef = 92347C401D82A1920053CB39 /* BeginFuelingViewController.swift */; };
		92347C471D82A1920053CB39 /* ChooseFuelViewController.swift in Sources */ = {isa = PBXBuildFile; fileRef = 92347C411D82A1920053CB39 /* ChooseFuelViewController.swift */; };
		92347C481D82A1920053CB39 /* Constants.swift in Sources */ = {isa = PBXBuildFile; fileRef = 92347C421D82A1920053CB39 /* Constants.swift */; };
		92347C491D82A1920053CB39 /* DistanceToStoreViewController.swift in Sources */ = {isa = PBXBuildFile; fileRef = 92347C431D82A1920053CB39 /* DistanceToStoreViewController.swift */; };
		92347C4A1D82A1920053CB39 /* GasStationsTableViewCell.swift in Sources */ = {isa = PBXBuildFile; fileRef = 92347C441D82A1920053CB39 /* GasStationsTableViewCell.swift */; };
		92347C4B1D82A1920053CB39 /* GetDistance.swift in Sources */ = {isa = PBXBuildFile; fileRef = 92347C451D82A1920053CB39 /* GetDistance.swift */; };
		92347C4E1D82A19A0053CB39 /* MenuViewController.swift in Sources */ = {isa = PBXBuildFile; fileRef = 92347C4C1D82A19A0053CB39 /* MenuViewController.swift */; };
		92347C4F1D82A19A0053CB39 /* SelectPumpViewController.swift in Sources */ = {isa = PBXBuildFile; fileRef = 92347C4D1D82A19A0053CB39 /* SelectPumpViewController.swift */; };
		92347C511D82B06B0053CB39 /* JSONpumpRequest.swift in Sources */ = {isa = PBXBuildFile; fileRef = 92347C501D82B06B0053CB39 /* JSONpumpRequest.swift */; };
		92347C531D82B0800053CB39 /* JSONestablishmentRequest.swift in Sources */ = {isa = PBXBuildFile; fileRef = 92347C521D82B0800053CB39 /* JSONestablishmentRequest.swift */; };
		92347C551D82B0960053CB39 /* JSONsendTransaction.swift in Sources */ = {isa = PBXBuildFile; fileRef = 92347C541D82B0960053CB39 /* JSONsendTransaction.swift */; };
		92347C571D82B0B00053CB39 /* CalculatePromotion.swift in Sources */ = {isa = PBXBuildFile; fileRef = 92347C561D82B0B00053CB39 /* CalculatePromotion.swift */; };
		92347C5A1D82B3890053CB39 /* PumpCollectionViewCell.swift in Sources */ = {isa = PBXBuildFile; fileRef = 92347C591D82B3890053CB39 /* PumpCollectionViewCell.swift */; };
		92347C5C1D82B63E0053CB39 /* CustomView.swift in Sources */ = {isa = PBXBuildFile; fileRef = 92347C5B1D82B63E0053CB39 /* CustomView.swift */; };
		92347C5E1D82D82A0053CB39 /* JSONretrieveInventory.swift in Sources */ = {isa = PBXBuildFile; fileRef = 92347C5D1D82D82A0053CB39 /* JSONretrieveInventory.swift */; };
		92347C601D82D8500053CB39 /*  JSONcustomerHistory.swift in Sources */ = {isa = PBXBuildFile; fileRef = 92347C5F1D82D8500053CB39 /*  JSONcustomerHistory.swift */; };
		92347C621D8318070053CB39 /* ChoosePaymentViewController.swift in Sources */ = {isa = PBXBuildFile; fileRef = 92347C611D8318070053CB39 /* ChoosePaymentViewController.swift */; };
		92347C641D831D180053CB39 /* AdvancePayViewController.swift in Sources */ = {isa = PBXBuildFile; fileRef = 92347C631D831D180053CB39 /* AdvancePayViewController.swift */; };
		92347C661D831DBD0053CB39 /* ChoosePaymentForAdvanceViewController.swift in Sources */ = {isa = PBXBuildFile; fileRef = 92347C651D831DBD0053CB39 /* ChoosePaymentForAdvanceViewController.swift */; };
/* End PBXBuildFile section */

/* Begin PBXFileReference section */
		92347C1B1D82A0DA0053CB39 /* Revel Cardless.app */ = {isa = PBXFileReference; explicitFileType = wrapper.application; includeInIndex = 0; path = "Revel Cardless.app"; sourceTree = BUILT_PRODUCTS_DIR; };
		92347C1E1D82A0DA0053CB39 /* AppDelegate.swift */ = {isa = PBXFileReference; lastKnownFileType = sourcecode.swift; path = AppDelegate.swift; sourceTree = "<group>"; };
		92347C231D82A0DA0053CB39 /* Base */ = {isa = PBXFileReference; lastKnownFileType = file.storyboard; name = Base; path = Base.lproj/Main.storyboard; sourceTree = "<group>"; };
		92347C251D82A0DB0053CB39 /* Assets.xcassets */ = {isa = PBXFileReference; lastKnownFileType = folder.assetcatalog; path = Assets.xcassets; sourceTree = "<group>"; };
		92347C281D82A0DB0053CB39 /* Base */ = {isa = PBXFileReference; lastKnownFileType = file.storyboard; name = Base; path = Base.lproj/LaunchScreen.storyboard; sourceTree = "<group>"; };
		92347C2A1D82A0DB0053CB39 /* Info.plist */ = {isa = PBXFileReference; lastKnownFileType = text.plist.xml; path = Info.plist; sourceTree = "<group>"; };
		92347C401D82A1920053CB39 /* BeginFuelingViewController.swift */ = {isa = PBXFileReference; fileEncoding = 4; lastKnownFileType = sourcecode.swift; path = BeginFuelingViewController.swift; sourceTree = "<group>"; };
		92347C411D82A1920053CB39 /* ChooseFuelViewController.swift */ = {isa = PBXFileReference; fileEncoding = 4; lastKnownFileType = sourcecode.swift; path = ChooseFuelViewController.swift; sourceTree = "<group>"; };
		92347C421D82A1920053CB39 /* Constants.swift */ = {isa = PBXFileReference; fileEncoding = 4; lastKnownFileType = sourcecode.swift; path = Constants.swift; sourceTree = "<group>"; };
		92347C431D82A1920053CB39 /* DistanceToStoreViewController.swift */ = {isa = PBXFileReference; fileEncoding = 4; lastKnownFileType = sourcecode.swift; path = DistanceToStoreViewController.swift; sourceTree = "<group>"; };
		92347C441D82A1920053CB39 /* GasStationsTableViewCell.swift */ = {isa = PBXFileReference; fileEncoding = 4; lastKnownFileType = sourcecode.swift; path = GasStationsTableViewCell.swift; sourceTree = "<group>"; };
		92347C451D82A1920053CB39 /* GetDistance.swift */ = {isa = PBXFileReference; fileEncoding = 4; lastKnownFileType = sourcecode.swift; path = GetDistance.swift; sourceTree = "<group>"; };
		92347C4C1D82A19A0053CB39 /* MenuViewController.swift */ = {isa = PBXFileReference; fileEncoding = 4; lastKnownFileType = sourcecode.swift; path = MenuViewController.swift; sourceTree = "<group>"; };
		92347C4D1D82A19A0053CB39 /* SelectPumpViewController.swift */ = {isa = PBXFileReference; fileEncoding = 4; lastKnownFileType = sourcecode.swift; path = SelectPumpViewController.swift; sourceTree = "<group>"; };
		92347C501D82B06B0053CB39 /* JSONpumpRequest.swift */ = {isa = PBXFileReference; fileEncoding = 4; lastKnownFileType = sourcecode.swift; path = JSONpumpRequest.swift; sourceTree = "<group>"; };
		92347C521D82B0800053CB39 /* JSONestablishmentRequest.swift */ = {isa = PBXFileReference; fileEncoding = 4; lastKnownFileType = sourcecode.swift; path = JSONestablishmentRequest.swift; sourceTree = "<group>"; };
		92347C541D82B0960053CB39 /* JSONsendTransaction.swift */ = {isa = PBXFileReference; fileEncoding = 4; lastKnownFileType = sourcecode.swift; path = JSONsendTransaction.swift; sourceTree = "<group>"; };
		92347C561D82B0B00053CB39 /* CalculatePromotion.swift */ = {isa = PBXFileReference; fileEncoding = 4; lastKnownFileType = sourcecode.swift; path = CalculatePromotion.swift; sourceTree = "<group>"; };
		92347C591D82B3890053CB39 /* PumpCollectionViewCell.swift */ = {isa = PBXFileReference; fileEncoding = 4; lastKnownFileType = sourcecode.swift; path = PumpCollectionViewCell.swift; sourceTree = "<group>"; };
		92347C5B1D82B63E0053CB39 /* CustomView.swift */ = {isa = PBXFileReference; fileEncoding = 4; lastKnownFileType = sourcecode.swift; path = CustomView.swift; sourceTree = "<group>"; };
		92347C5D1D82D82A0053CB39 /* JSONretrieveInventory.swift */ = {isa = PBXFileReference; fileEncoding = 4; lastKnownFileType = sourcecode.swift; name = JSONretrieveInventory.swift; path = ../JSONretrieveInventory.swift; sourceTree = "<group>"; };
		92347C5F1D82D8500053CB39 /*  JSONcustomerHistory.swift */ = {isa = PBXFileReference; fileEncoding = 4; lastKnownFileType = sourcecode.swift; path = " JSONcustomerHistory.swift"; sourceTree = "<group>"; };
		92347C611D8318070053CB39 /* ChoosePaymentViewController.swift */ = {isa = PBXFileReference; fileEncoding = 4; lastKnownFileType = sourcecode.swift; path = ChoosePaymentViewController.swift; sourceTree = "<group>"; };
		92347C631D831D180053CB39 /* AdvancePayViewController.swift */ = {isa = PBXFileReference; fileEncoding = 4; lastKnownFileType = sourcecode.swift; path = AdvancePayViewController.swift; sourceTree = "<group>"; };
		92347C651D831DBD0053CB39 /* ChoosePaymentForAdvanceViewController.swift */ = {isa = PBXFileReference; fileEncoding = 4; lastKnownFileType = sourcecode.swift; path = ChoosePaymentForAdvanceViewController.swift; sourceTree = "<group>"; };
/* End PBXFileReference section */

/* Begin PBXFrameworksBuildPhase section */
		92347C181D82A0DA0053CB39 /* Frameworks */ = {
			isa = PBXFrameworksBuildPhase;
			buildActionMask = 2147483647;
			files = (
			);
			runOnlyForDeploymentPostprocessing = 0;
		};
/* End PBXFrameworksBuildPhase section */

/* Begin PBXGroup section */
		92347C121D82A0DA0053CB39 = {
			isa = PBXGroup;
			children = (
				92347C1D1D82A0DA0053CB39 /* Revel Cardless */,
				92347C1C1D82A0DA0053CB39 /* Products */,
			);
			sourceTree = "<group>";
		};
		92347C1C1D82A0DA0053CB39 /* Products */ = {
			isa = PBXGroup;
			children = (
				92347C1B1D82A0DA0053CB39 /* Revel Cardless.app */,
			);
			name = Products;
			sourceTree = "<group>";
		};
		92347C1D1D82A0DA0053CB39 /* Revel Cardless */ = {
			isa = PBXGroup;
			children = (
				92347C221D82A0DA0053CB39 /* Main.storyboard */,
				92347C1E1D82A0DA0053CB39 /* AppDelegate.swift */,
				92347C401D82A1920053CB39 /* BeginFuelingViewController.swift */,
				92347C611D8318070053CB39 /* ChoosePaymentViewController.swift */,
				92347C411D82A1920053CB39 /* ChooseFuelViewController.swift */,
				92347C4C1D82A19A0053CB39 /* MenuViewController.swift */,
				92347C4D1D82A19A0053CB39 /* SelectPumpViewController.swift */,
				92347C591D82B3890053CB39 /* PumpCollectionViewCell.swift */,
				92347C421D82A1920053CB39 /* Constants.swift */,
				92347C431D82A1920053CB39 /* DistanceToStoreViewController.swift */,
				92347C441D82A1920053CB39 /* GasStationsTableViewCell.swift */,
				92347C451D82A1920053CB39 /* GetDistance.swift */,
				92347C671D8327A60053CB39 /* AdvancePay */,
				92347C581D82B0B80053CB39 /* JSON */,
				92347C561D82B0B00053CB39 /* CalculatePromotion.swift */,
				92347C681D8327D40053CB39 /* Supporting Files */,
			);
			path = "Revel Cardless";
			sourceTree = "<group>";
		};
		92347C581D82B0B80053CB39 /* JSON */ = {
			isa = PBXGroup;
			children = (
				92347C501D82B06B0053CB39 /* JSONpumpRequest.swift */,
				92347C5F1D82D8500053CB39 /*  JSONcustomerHistory.swift */,
				92347C5D1D82D82A0053CB39 /* JSONretrieveInventory.swift */,
				92347C521D82B0800053CB39 /* JSONestablishmentRequest.swift */,
				92347C541D82B0960053CB39 /* JSONsendTransaction.swift */,
			);
			name = JSON;
			sourceTree = "<group>";
		};
		92347C671D8327A60053CB39 /* AdvancePay */ = {
			isa = PBXGroup;
			children = (
				92347C631D831D180053CB39 /* AdvancePayViewController.swift */,
				92347C651D831DBD0053CB39 /* ChoosePaymentForAdvanceViewController.swift */,
			);
			name = AdvancePay;
			sourceTree = "<group>";
		};
		92347C681D8327D40053CB39 /* Supporting Files */ = {
			isa = PBXGroup;
			children = (
				92347C251D82A0DB0053CB39 /* Assets.xcassets */,
				92347C5B1D82B63E0053CB39 /* CustomView.swift */,
				92347C271D82A0DB0053CB39 /* LaunchScreen.storyboard */,
				92347C2A1D82A0DB0053CB39 /* Info.plist */,
			);
			name = "Supporting Files";
			sourceTree = "<group>";
		};
/* End PBXGroup section */

/* Begin PBXNativeTarget section */
		92347C1A1D82A0DA0053CB39 /* Revel Cardless */ = {
			isa = PBXNativeTarget;
			buildConfigurationList = 92347C2D1D82A0DB0053CB39 /* Build configuration list for PBXNativeTarget "Revel Cardless" */;
			buildPhases = (
				92347C171D82A0DA0053CB39 /* Sources */,
				92347C181D82A0DA0053CB39 /* Frameworks */,
				92347C191D82A0DA0053CB39 /* Resources */,
			);
			buildRules = (
			);
			dependencies = (
			);
			name = "Revel Cardless";
			productName = "Revel Cardless";
			productReference = 92347C1B1D82A0DA0053CB39 /* Revel Cardless.app */;
			productType = "com.apple.product-type.application";
		};
/* End PBXNativeTarget section */

/* Begin PBXProject section */
		92347C131D82A0DA0053CB39 /* Project object */ = {
			isa = PBXProject;
			attributes = {
				LastSwiftUpdateCheck = 0730;
				LastUpgradeCheck = 0730;
				ORGANIZATIONNAME = Stmarys;
				TargetAttributes = {
					92347C1A1D82A0DA0053CB39 = {
						CreatedOnToolsVersion = 7.3;
					};
				};
			};
			buildConfigurationList = 92347C161D82A0DA0053CB39 /* Build configuration list for PBXProject "Revel Cardless" */;
			compatibilityVersion = "Xcode 3.2";
			developmentRegion = English;
			hasScannedForEncodings = 0;
			knownRegions = (
				en,
				Base,
			);
			mainGroup = 92347C121D82A0DA0053CB39;
			productRefGroup = 92347C1C1D82A0DA0053CB39 /* Products */;
			projectDirPath = "";
			projectRoot = "";
			targets = (
				92347C1A1D82A0DA0053CB39 /* Revel Cardless */,
			);
		};
/* End PBXProject section */

/* Begin PBXResourcesBuildPhase section */
		92347C191D82A0DA0053CB39 /* Resources */ = {
			isa = PBXResourcesBuildPhase;
			buildActionMask = 2147483647;
			files = (
				92347C291D82A0DB0053CB39 /* LaunchScreen.storyboard in Resources */,
				92347C261D82A0DB0053CB39 /* Assets.xcassets in Resources */,
				92347C241D82A0DA0053CB39 /* Main.storyboard in Resources */,
			);
			runOnlyForDeploymentPostprocessing = 0;
		};
/* End PBXResourcesBuildPhase section */

/* Begin PBXSourcesBuildPhase section */
		92347C171D82A0DA0053CB39 /* Sources */ = {
			isa = PBXSourcesBuildPhase;
			buildActionMask = 2147483647;
			files = (
				92347C5A1D82B3890053CB39 /* PumpCollectionViewCell.swift in Sources */,
				92347C471D82A1920053CB39 /* ChooseFuelViewController.swift in Sources */,
				92347C461D82A1920053CB39 /* BeginFuelingViewController.swift in Sources */,
				92347C491D82A1920053CB39 /* DistanceToStoreViewController.swift in Sources */,
				92347C5E1D82D82A0053CB39 /* JSONretrieveInventory.swift in Sources */,
				92347C1F1D82A0DA0053CB39 /* AppDelegate.swift in Sources */,
				92347C5C1D82B63E0053CB39 /* CustomView.swift in Sources */,
				92347C4A1D82A1920053CB39 /* GasStationsTableViewCell.swift in Sources */,
				92347C621D8318070053CB39 /* ChoosePaymentViewController.swift in Sources */,
				92347C4F1D82A19A0053CB39 /* SelectPumpViewController.swift in Sources */,
				92347C601D82D8500053CB39 /*  JSONcustomerHistory.swift in Sources */,
				92347C641D831D180053CB39 /* AdvancePayViewController.swift in Sources */,
				92347C551D82B0960053CB39 /* JSONsendTransaction.swift in Sources */,
				92347C661D831DBD0053CB39 /* ChoosePaymentForAdvanceViewController.swift in Sources */,
				92347C4B1D82A1920053CB39 /* GetDistance.swift in Sources */,
				92347C481D82A1920053CB39 /* Constants.swift in Sources */,
				92347C4E1D82A19A0053CB39 /* MenuViewController.swift in Sources */,
				92347C571D82B0B00053CB39 /* CalculatePromotion.swift in Sources */,
				92347C511D82B06B0053CB39 /* JSONpumpRequest.swift in Sources */,
				92347C531D82B0800053CB39 /* JSONestablishmentRequest.swift in Sources */,
			);
			runOnlyForDeploymentPostprocessing = 0;
		};
/* End PBXSourcesBuildPhase section */

/* Begin PBXVariantGroup section */
		92347C221D82A0DA0053CB39 /* Main.storyboard */ = {
			isa = PBXVariantGroup;
			children = (
				92347C231D82A0DA0053CB39 /* Base */,
			);
			name = Main.storyboard;
			sourceTree = "<group>";
		};
		92347C271D82A0DB0053CB39 /* LaunchScreen.storyboard */ = {
			isa = PBXVariantGroup;
			children = (
				92347C281D82A0DB0053CB39 /* Base */,
			);
			name = LaunchScreen.storyboard;
			sourceTree = "<group>";
		};
/* End PBXVariantGroup section */

/* Begin XCBuildConfiguration section */
		92347C2B1D82A0DB0053CB39 /* Debug */ = {
			isa = XCBuildConfiguration;
			buildSettings = {
				ALWAYS_SEARCH_USER_PATHS = NO;
				CLANG_ANALYZER_NONNULL = YES;
				CLANG_CXX_LANGUAGE_STANDARD = "gnu++0x";
				CLANG_CXX_LIBRARY = "libc++";
				CLANG_ENABLE_MODULES = YES;
				CLANG_ENABLE_OBJC_ARC = YES;
				CLANG_WARN_BOOL_CONVERSION = YES;
				CLANG_WARN_CONSTANT_CONVERSION = YES;
				CLANG_WARN_DIRECT_OBJC_ISA_USAGE = YES_ERROR;
				CLANG_WARN_EMPTY_BODY = YES;
				CLANG_WARN_ENUM_CONVERSION = YES;
				CLANG_WARN_INT_CONVERSION = YES;
				CLANG_WARN_OBJC_ROOT_CLASS = YES_ERROR;
				CLANG_WARN_UNREACHABLE_CODE = YES;
				CLANG_WARN__DUPLICATE_METHOD_MATCH = YES;
				"CODE_SIGN_IDENTITY[sdk=iphoneos*]" = "iPhone Developer";
				COPY_PHASE_STRIP = NO;
				DEBUG_INFORMATION_FORMAT = dwarf;
				ENABLE_STRICT_OBJC_MSGSEND = YES;
				ENABLE_TESTABILITY = YES;
				GCC_C_LANGUAGE_STANDARD = gnu99;
				GCC_DYNAMIC_NO_PIC = NO;
				GCC_NO_COMMON_BLOCKS = YES;
				GCC_OPTIMIZATION_LEVEL = 0;
				GCC_PREPROCESSOR_DEFINITIONS = (
					"DEBUG=1",
					"$(inherited)",
				);
				GCC_WARN_64_TO_32_BIT_CONVERSION = YES;
				GCC_WARN_ABOUT_RETURN_TYPE = YES_ERROR;
				GCC_WARN_UNDECLARED_SELECTOR = YES;
				GCC_WARN_UNINITIALIZED_AUTOS = YES_AGGRESSIVE;
				GCC_WARN_UNUSED_FUNCTION = YES;
				GCC_WARN_UNUSED_VARIABLE = YES;
				IPHONEOS_DEPLOYMENT_TARGET = 9.3;
				MTL_ENABLE_DEBUG_INFO = YES;
				ONLY_ACTIVE_ARCH = YES;
				SDKROOT = iphoneos;
				SWIFT_OPTIMIZATION_LEVEL = "-Onone";
				TARGETED_DEVICE_FAMILY = "1,2";
			};
			name = Debug;
		};
		92347C2C1D82A0DB0053CB39 /* Release */ = {
			isa = XCBuildConfiguration;
			buildSettings = {
				ALWAYS_SEARCH_USER_PATHS = NO;
				CLANG_ANALYZER_NONNULL = YES;
				CLANG_CXX_LANGUAGE_STANDARD = "gnu++0x";
				CLANG_CXX_LIBRARY = "libc++";
				CLANG_ENABLE_MODULES = YES;
				CLANG_ENABLE_OBJC_ARC = YES;
				CLANG_WARN_BOOL_CONVERSION = YES;
				CLANG_WARN_CONSTANT_CONVERSION = YES;
				CLANG_WARN_DIRECT_OBJC_ISA_USAGE = YES_ERROR;
				CLANG_WARN_EMPTY_BODY = YES;
				CLANG_WARN_ENUM_CONVERSION = YES;
				CLANG_WARN_INT_CONVERSION = YES;
				CLANG_WARN_OBJC_ROOT_CLASS = YES_ERROR;
				CLANG_WARN_UNREACHABLE_CODE = YES;
				CLANG_WARN__DUPLICATE_METHOD_MATCH = YES;
				"CODE_SIGN_IDENTITY[sdk=iphoneos*]" = "iPhone Developer";
				COPY_PHASE_STRIP = NO;
				DEBUG_INFORMATION_FORMAT = "dwarf-with-dsym";
				ENABLE_NS_ASSERTIONS = NO;
				ENABLE_STRICT_OBJC_MSGSEND = YES;
				GCC_C_LANGUAGE_STANDARD = gnu99;
				GCC_NO_COMMON_BLOCKS = YES;
				GCC_WARN_64_TO_32_BIT_CONVERSION = YES;
				GCC_WARN_ABOUT_RETURN_TYPE = YES_ERROR;
				GCC_WARN_UNDECLARED_SELECTOR = YES;
				GCC_WARN_UNINITIALIZED_AUTOS = YES_AGGRESSIVE;
				GCC_WARN_UNUSED_FUNCTION = YES;
				GCC_WARN_UNUSED_VARIABLE = YES;
				IPHONEOS_DEPLOYMENT_TARGET = 9.3;
				MTL_ENABLE_DEBUG_INFO = NO;
				SDKROOT = iphoneos;
				TARGETED_DEVICE_FAMILY = "1,2";
				VALIDATE_PRODUCT = YES;
			};
			name = Release;
		};
		92347C2E1D82A0DB0053CB39 /* Debug */ = {
			isa = XCBuildConfiguration;
			buildSettings = {
				ASSETCATALOG_COMPILER_APPICON_NAME = AppIcon;
				INFOPLIST_FILE = "Revel Cardless/Info.plist";
				LD_RUNPATH_SEARCH_PATHS = "$(inherited) @executable_path/Frameworks";
				PRODUCT_BUNDLE_IDENTIFIER = "Sanjay.Revel-Cardless";
				PRODUCT_NAME = "$(TARGET_NAME)";
			};
			name = Debug;
		};
		92347C2F1D82A0DB0053CB39 /* Release */ = {
			isa = XCBuildConfiguration;
			buildSettings = {
				ASSETCATALOG_COMPILER_APPICON_NAME = AppIcon;
				INFOPLIST_FILE = "Revel Cardless/Info.plist";
				LD_RUNPATH_SEARCH_PATHS = "$(inherited) @executable_path/Frameworks";
				PRODUCT_BUNDLE_IDENTIFIER = "Sanjay.Revel-Cardless";
				PRODUCT_NAME = "$(TARGET_NAME)";
			};
			name = Release;
		};
/* End XCBuildConfiguration section */

/* Begin XCConfigurationList section */
		92347C161D82A0DA0053CB39 /* Build configuration list for PBXProject "Revel Cardless" */ = {
			isa = XCConfigurationList;
			buildConfigurations = (
				92347C2B1D82A0DB0053CB39 /* Debug */,
				92347C2C1D82A0DB0053CB39 /* Release */,
			);
			defaultConfigurationIsVisible = 0;
			defaultConfigurationName = Release;
		};
		92347C2D1D82A0DB0053CB39 /* Build configuration list for PBXNativeTarget "Revel Cardless" */ = {
			isa = XCConfigurationList;
			buildConfigurations = (
				92347C2E1D82A0DB0053CB39 /* Debug */,
				92347C2F1D82A0DB0053CB39 /* Release */,
			);
			defaultConfigurationIsVisible = 0;
			defaultConfigurationName = Release;
		};
/* End XCConfigurationList section */
	};
	rootObject = 92347C131D82A0DA0053CB39 /* Project object */;
}
